# This file is autogenerated, do not edit; changes may be undone by the next 'dep ensure'.


[[projects]]
  name = "github.com/line/line-bot-sdk-go"
  packages = ["linebot"]
  revision = "3a7d66f5efce6ac202f650134609f9d6d163a640"
  version = "1.0.0"

[[projects]]
  branch = "master"
  name = "golang.org/x/net"
  packages = ["context","context/ctxhttp"]
  revision = "d866cfc389cec985d6fda2859936a575a55a3ab6"

[solve-meta]
  analyzer-name = "dep"
  analyzer-version = 1
  inputs-digest = "c2784f200fa4eefca09b5a0eb542b2a7f1c49a0e5c877e93bb329f9f2038733a"
  solver-name = "gps-cdcl"
  solver-version = 1
